
Microsoft Visual Studio Solution File, Format Version 12.00
# Visual Studio Version 16
VisualStudioVersion = 16.0.30204.135
MinimumVisualStudioVersion = 10.0.40219.1
Project("{FAE04EC0-301F-11D3-BF4B-00C04F79EFBC}") = "Lab2", "Lab2.csproj", "{10917A73-4BF2-49BD-8662-500AB2BECE31}"
EndProject
Global
	GlobalSection(SolutionConfigurationPlatforms) = preSolution
		Debug|Any CPU = Debug|Any CPU
		Release|Any CPU = Release|Any CPU
	EndGlobalSection
	GlobalSection(ProjectConfigurationPlatforms) = postSolution
		{10917A73-4BF2-49BD-8662-500AB2BECE31}.Debug|Any CPU.ActiveCfg = Debug|Any CPU
		{10917A73-4BF2-49BD-8662-500AB2BECE31}.Debug|Any CPU.Build.0 = Debug|Any CPU
		{10917A73-4BF2-49BD-8662-500AB2BECE31}.Release|Any CPU.ActiveCfg = Release|Any CPU
		{10917A73-4BF2-49BD-8662-500AB2BECE31}.Release|Any CPU.Build.0 = Release|Any CPU
	EndGlobalSection
	GlobalSection(SolutionProperties) = preSolution
		HideSolutionNode = FALSE
	EndGlobalSection
	GlobalSection(ExtensibilityGlobals) = postSolution
		SolutionGuid = {76785F6E-64CA-4C43-90A5-3FEA39F0EB65}
	EndGlobalSection
EndGlobal
